
Microsoft Visual Studio Solution File, Format Version 12.00
# Visual Studio 15
VisualStudioVersion = 15.0.27130.2010
MinimumVisualStudioVersion = 10.0.40219.1
Project("{9A19103F-16F7-4668-BE54-9A1E7A4F7556}") = "ApiGateway", "ApiGateway\ApiGateway.csproj", "{6B191D72-9954-4D1D-9FDD-24CB2642D8E4}"
EndProject
Project("{FAE04EC0-301F-11D3-BF4B-00C04F79EFBC}") = "InvoiceProcessingService", "InvoiceProcessingService\InvoiceProcessingService.csproj", "{92E223C9-F158-4B87-B3E4-7C1ED0C8D822}"
EndProject
Project("{FAE04EC0-301F-11D3-BF4B-00C04F79EFBC}") = "InvoiceSendingService", "InvoiceSendingService\InvoiceSendingService.csproj", "{AFFE2C52-8A3C-44E8-AC7F-6BCB18574427}"
EndProject
Project("{9A19103F-16F7-4668-BE54-9A1E7A4F7556}") = "Messages", "Messages\Messages.csproj", "{0ED6FD57-337D-4C8F-BEB3-4ADF7AC6C98A}"
EndProject
Project("{FAE04EC0-301F-11D3-BF4B-00C04F79EFBC}") = "Shared", "Shared\Shared.csproj", "{15906CFF-C9DE-4B45-9ADF-C971EEB5381D}"
EndProject
Global
	GlobalSection(SolutionConfigurationPlatforms) = preSolution
		Debug|Any CPU = Debug|Any CPU
		Release|Any CPU = Release|Any CPU
	EndGlobalSection
	GlobalSection(ProjectConfigurationPlatforms) = postSolution
		{6B191D72-9954-4D1D-9FDD-24CB2642D8E4}.Debug|Any CPU.ActiveCfg = Debug|Any CPU
		{6B191D72-9954-4D1D-9FDD-24CB2642D8E4}.Debug|Any CPU.Build.0 = Debug|Any CPU
		{6B191D72-9954-4D1D-9FDD-24CB2642D8E4}.Release|Any CPU.ActiveCfg = Release|Any CPU
		{6B191D72-9954-4D1D-9FDD-24CB2642D8E4}.Release|Any CPU.Build.0 = Release|Any CPU
		{92E223C9-F158-4B87-B3E4-7C1ED0C8D822}.Debug|Any CPU.ActiveCfg = Debug|Any CPU
		{92E223C9-F158-4B87-B3E4-7C1ED0C8D822}.Debug|Any CPU.Build.0 = Debug|Any CPU
		{92E223C9-F158-4B87-B3E4-7C1ED0C8D822}.Release|Any CPU.ActiveCfg = Release|Any CPU
		{92E223C9-F158-4B87-B3E4-7C1ED0C8D822}.Release|Any CPU.Build.0 = Release|Any CPU
		{AFFE2C52-8A3C-44E8-AC7F-6BCB18574427}.Debug|Any CPU.ActiveCfg = Debug|Any CPU
		{AFFE2C52-8A3C-44E8-AC7F-6BCB18574427}.Debug|Any CPU.Build.0 = Debug|Any CPU
		{AFFE2C52-8A3C-44E8-AC7F-6BCB18574427}.Release|Any CPU.ActiveCfg = Release|Any CPU
		{AFFE2C52-8A3C-44E8-AC7F-6BCB18574427}.Release|Any CPU.Build.0 = Release|Any CPU
		{0ED6FD57-337D-4C8F-BEB3-4ADF7AC6C98A}.Debug|Any CPU.ActiveCfg = Debug|Any CPU
		{0ED6FD57-337D-4C8F-BEB3-4ADF7AC6C98A}.Debug|Any CPU.Build.0 = Debug|Any CPU
		{0ED6FD57-337D-4C8F-BEB3-4ADF7AC6C98A}.Release|Any CPU.ActiveCfg = Release|Any CPU
		{0ED6FD57-337D-4C8F-BEB3-4ADF7AC6C98A}.Release|Any CPU.Build.0 = Release|Any CPU
		{15906CFF-C9DE-4B45-9ADF-C971EEB5381D}.Debug|Any CPU.ActiveCfg = Debug|Any CPU
		{15906CFF-C9DE-4B45-9ADF-C971EEB5381D}.Debug|Any CPU.Build.0 = Debug|Any CPU
		{15906CFF-C9DE-4B45-9ADF-C971EEB5381D}.Release|Any CPU.ActiveCfg = Release|Any CPU
		{15906CFF-C9DE-4B45-9ADF-C971EEB5381D}.Release|Any CPU.Build.0 = Release|Any CPU
	EndGlobalSection
	GlobalSection(SolutionProperties) = preSolution
		HideSolutionNode = FALSE
	EndGlobalSection
	GlobalSection(ExtensibilityGlobals) = postSolution
		SolutionGuid = {22CE7658-25DC-49EC-ACD7-8DE1771D8953}
	EndGlobalSection
EndGlobal
